
Microsoft Visual Studio Solution File, Format Version 12.00
# Visual Studio Version 17
VisualStudioVersion = 17.2.32526.322
MinimumVisualStudioVersion = 10.0.40219.1
Project("{9A19103F-16F7-4668-BE54-9A1E7A4F7556}") = "PunDataXMLParser", "PunDataXMLParser\PunDataXMLParser.csproj", "{F62425F4-207D-4C8E-AAC2-E2F4AB6ED91D}"
EndProject
Project("{9A19103F-16F7-4668-BE54-9A1E7A4F7556}") = "PunDataXMLParserTests", "PunDataXMLParserTests\PunDataXMLParserTests.csproj", "{56517AB9-92C9-4E0C-8BD4-8D29A33EA875}"
EndProject
Global
	GlobalSection(SolutionConfigurationPlatforms) = preSolution
		Debug|Any CPU = Debug|Any CPU
		Release|Any CPU = Release|Any CPU
	EndGlobalSection
	GlobalSection(ProjectConfigurationPlatforms) = postSolution
		{F62425F4-207D-4C8E-AAC2-E2F4AB6ED91D}.Debug|Any CPU.ActiveCfg = Debug|Any CPU
		{F62425F4-207D-4C8E-AAC2-E2F4AB6ED91D}.Debug|Any CPU.Build.0 = Debug|Any CPU
		{F62425F4-207D-4C8E-AAC2-E2F4AB6ED91D}.Release|Any CPU.ActiveCfg = Release|Any CPU
		{F62425F4-207D-4C8E-AAC2-E2F4AB6ED91D}.Release|Any CPU.Build.0 = Release|Any CPU
		{56517AB9-92C9-4E0C-8BD4-8D29A33EA875}.Debug|Any CPU.ActiveCfg = Debug|Any CPU
		{56517AB9-92C9-4E0C-8BD4-8D29A33EA875}.Debug|Any CPU.Build.0 = Debug|Any CPU
		{56517AB9-92C9-4E0C-8BD4-8D29A33EA875}.Release|Any CPU.ActiveCfg = Release|Any CPU
		{56517AB9-92C9-4E0C-8BD4-8D29A33EA875}.Release|Any CPU.Build.0 = Release|Any CPU
	EndGlobalSection
	GlobalSection(SolutionProperties) = preSolution
		HideSolutionNode = FALSE
	EndGlobalSection
	GlobalSection(ExtensibilityGlobals) = postSolution
		SolutionGuid = {02B88140-AFB1-4D03-90CC-747EBC5910EA}
	EndGlobalSection
EndGlobal
