
Microsoft Visual Studio Solution File, Format Version 12.00
# Visual Studio Version 17
VisualStudioVersion = 17.2.32616.157
MinimumVisualStudioVersion = 10.0.40219.1
Project("{9A19103F-16F7-4668-BE54-9A1E7A4F7556}") = "KeywordParser4Database", "KeywordParser4Database\KeywordParser4Database.csproj", "{E0C255F6-52FE-4F3C-BF4F-23726B3F6AF2}"
EndProject
Project("{9A19103F-16F7-4668-BE54-9A1E7A4F7556}") = "PunAPI.Contract", "..\PunAPI\PunAPI.Contract\PunAPI.Contract.csproj", "{9AB578E5-5886-44F1-87CF-396FED5EE95F}"
EndProject
Project("{9A19103F-16F7-4668-BE54-9A1E7A4F7556}") = "PunchyAPI.Common", "..\PunchyAPI\Common\PunchyAPI.Common.csproj", "{30933B8D-0D0C-4848-8E69-A308F8BCCF41}"
EndProject
Global
	GlobalSection(SolutionConfigurationPlatforms) = preSolution
		Debug|Any CPU = Debug|Any CPU
		Release|Any CPU = Release|Any CPU
	EndGlobalSection
	GlobalSection(ProjectConfigurationPlatforms) = postSolution
		{E0C255F6-52FE-4F3C-BF4F-23726B3F6AF2}.Debug|Any CPU.ActiveCfg = Debug|Any CPU
		{E0C255F6-52FE-4F3C-BF4F-23726B3F6AF2}.Debug|Any CPU.Build.0 = Debug|Any CPU
		{E0C255F6-52FE-4F3C-BF4F-23726B3F6AF2}.Release|Any CPU.ActiveCfg = Release|Any CPU
		{E0C255F6-52FE-4F3C-BF4F-23726B3F6AF2}.Release|Any CPU.Build.0 = Release|Any CPU
		{9AB578E5-5886-44F1-87CF-396FED5EE95F}.Debug|Any CPU.ActiveCfg = Debug|Any CPU
		{9AB578E5-5886-44F1-87CF-396FED5EE95F}.Debug|Any CPU.Build.0 = Debug|Any CPU
		{9AB578E5-5886-44F1-87CF-396FED5EE95F}.Release|Any CPU.ActiveCfg = Release|Any CPU
		{9AB578E5-5886-44F1-87CF-396FED5EE95F}.Release|Any CPU.Build.0 = Release|Any CPU
		{30933B8D-0D0C-4848-8E69-A308F8BCCF41}.Debug|Any CPU.ActiveCfg = Debug|Any CPU
		{30933B8D-0D0C-4848-8E69-A308F8BCCF41}.Debug|Any CPU.Build.0 = Debug|Any CPU
		{30933B8D-0D0C-4848-8E69-A308F8BCCF41}.Release|Any CPU.ActiveCfg = Release|Any CPU
		{30933B8D-0D0C-4848-8E69-A308F8BCCF41}.Release|Any CPU.Build.0 = Release|Any CPU
	EndGlobalSection
	GlobalSection(SolutionProperties) = preSolution
		HideSolutionNode = FALSE
	EndGlobalSection
	GlobalSection(ExtensibilityGlobals) = postSolution
		SolutionGuid = {7497CF78-C636-45EE-872E-8FA1C92FF5C4}
	EndGlobalSection
EndGlobal
