
Microsoft Visual Studio Solution File, Format Version 12.00
# Visual Studio Version 16
VisualStudioVersion = 16.0.32630.194
MinimumVisualStudioVersion = 10.0.40219.1
Project("{9A19103F-16F7-4668-BE54-9A1E7A4F7556}") = "PunAPI", "PunAPI\PunAPI.csproj", "{6B492C48-369F-4C4D-9D58-D3519B12688D}"
EndProject
Project("{9A19103F-16F7-4668-BE54-9A1E7A4F7556}") = "PunAPI.Contract", "PunAPI.Contract\PunAPI.Contract.csproj", "{62076094-68B2-48C3-B3F8-775F93BC3706}"
EndProject
Project("{FAE04EC0-301F-11D3-BF4B-00C04F79EFBC}") = "PunAPI.Common", "PunAPI.Common\PunAPI.Common.csproj", "{2CDE0D43-E389-4060-8B1A-22D753CBEAA1}"
EndProject
Global
	GlobalSection(SolutionConfigurationPlatforms) = preSolution
		Debug|Any CPU = Debug|Any CPU
		Release|Any CPU = Release|Any CPU
	EndGlobalSection
	GlobalSection(ProjectConfigurationPlatforms) = postSolution
		{6B492C48-369F-4C4D-9D58-D3519B12688D}.Debug|Any CPU.ActiveCfg = Debug|Any CPU
		{6B492C48-369F-4C4D-9D58-D3519B12688D}.Debug|Any CPU.Build.0 = Debug|Any CPU
		{6B492C48-369F-4C4D-9D58-D3519B12688D}.Release|Any CPU.ActiveCfg = Release|Any CPU
		{6B492C48-369F-4C4D-9D58-D3519B12688D}.Release|Any CPU.Build.0 = Release|Any CPU
		{62076094-68B2-48C3-B3F8-775F93BC3706}.Debug|Any CPU.ActiveCfg = Debug|Any CPU
		{62076094-68B2-48C3-B3F8-775F93BC3706}.Debug|Any CPU.Build.0 = Debug|Any CPU
		{62076094-68B2-48C3-B3F8-775F93BC3706}.Release|Any CPU.ActiveCfg = Release|Any CPU
		{62076094-68B2-48C3-B3F8-775F93BC3706}.Release|Any CPU.Build.0 = Release|Any CPU
		{2CDE0D43-E389-4060-8B1A-22D753CBEAA1}.Debug|Any CPU.ActiveCfg = Debug|Any CPU
		{2CDE0D43-E389-4060-8B1A-22D753CBEAA1}.Debug|Any CPU.Build.0 = Debug|Any CPU
		{2CDE0D43-E389-4060-8B1A-22D753CBEAA1}.Release|Any CPU.ActiveCfg = Release|Any CPU
		{2CDE0D43-E389-4060-8B1A-22D753CBEAA1}.Release|Any CPU.Build.0 = Release|Any CPU
	EndGlobalSection
	GlobalSection(SolutionProperties) = preSolution
		HideSolutionNode = FALSE
	EndGlobalSection
	GlobalSection(ExtensibilityGlobals) = postSolution
		SolutionGuid = {A27DC086-E61E-46F8-9303-04F3D07165D6}
	EndGlobalSection
EndGlobal
